
Microsoft Visual Studio Solution File, Format Version 12.00
# Visual Studio Version 17
VisualStudioVersion = 17.2.32616.157
MinimumVisualStudioVersion = 10.0.40219.1
Project("{FAE04EC0-301F-11D3-BF4B-00C04F79EFBC}") = "InventoryManagementSystem", "InventoryManagementSystem\InventoryManagementSystem.csproj", "{12985917-0B67-4804-82B1-85BBD8A8CF0C}"
EndProject
Global
	GlobalSection(SolutionConfigurationPlatforms) = preSolution
		Debug|Any CPU = Debug|Any CPU
		Release|Any CPU = Release|Any CPU
	EndGlobalSection
	GlobalSection(ProjectConfigurationPlatforms) = postSolution
		{12985917-0B67-4804-82B1-85BBD8A8CF0C}.Debug|Any CPU.ActiveCfg = Debug|Any CPU
		{12985917-0B67-4804-82B1-85BBD8A8CF0C}.Debug|Any CPU.Build.0 = Debug|Any CPU
		{12985917-0B67-4804-82B1-85BBD8A8CF0C}.Release|Any CPU.ActiveCfg = Release|Any CPU
		{12985917-0B67-4804-82B1-85BBD8A8CF0C}.Release|Any CPU.Build.0 = Release|Any CPU
	EndGlobalSection
	GlobalSection(SolutionProperties) = preSolution
		HideSolutionNode = FALSE
	EndGlobalSection
	GlobalSection(ExtensibilityGlobals) = postSolution
		SolutionGuid = {B4A244EC-4D35-4152-B525-3D3914CE1275}
	EndGlobalSection
EndGlobal
